
Microsoft Visual Studio Solution File, Format Version 12.00
# Visual Studio Version 17
VisualStudioVersion = 17.1.32120.378
MinimumVisualStudioVersion = 10.0.40219.1
Project("{FAE04EC0-301F-11D3-BF4B-00C04F79EFBC}") = "WebS", "WebS\WebS.csproj", "{F88E1F66-80E7-4EF9-9571-F7116AAAC37A}"
EndProject
Global
	GlobalSection(SolutionConfigurationPlatforms) = preSolution
		Debug|Any CPU = Debug|Any CPU
		Release|Any CPU = Release|Any CPU
	EndGlobalSection
	GlobalSection(ProjectConfigurationPlatforms) = postSolution
		{F88E1F66-80E7-4EF9-9571-F7116AAAC37A}.Debug|Any CPU.ActiveCfg = Debug|Any CPU
		{F88E1F66-80E7-4EF9-9571-F7116AAAC37A}.Debug|Any CPU.Build.0 = Debug|Any CPU
		{F88E1F66-80E7-4EF9-9571-F7116AAAC37A}.Release|Any CPU.ActiveCfg = Release|Any CPU
		{F88E1F66-80E7-4EF9-9571-F7116AAAC37A}.Release|Any CPU.Build.0 = Release|Any CPU
	EndGlobalSection
	GlobalSection(SolutionProperties) = preSolution
		HideSolutionNode = FALSE
	EndGlobalSection
	GlobalSection(ExtensibilityGlobals) = postSolution
		SolutionGuid = {0AF2FC5F-4418-4C77-929E-7B4A01289294}
	EndGlobalSection
EndGlobal
